
Microsoft Visual Studio Solution File, Format Version 12.00
# Visual Studio 14
VisualStudioVersion = 14.0.25420.1
MinimumVisualStudioVersion = 10.0.40219.1
Project("{8BC9CEB8-8B4A-11D0-8D11-00A0C91BC942}") = "Course_C++", "Course_C++\Course_C++.vcxproj", "{A50C2C97-5219-409C-AA5B-1DAA68F943A5}"
EndProject
Project("{8BC9CEB8-8B4A-11D0-8D11-00A0C91BC942}") = "BasicException", "BasicException\BasicException.vcxproj", "{0F2ABC82-BE9B-4861-87C6-E1325B9ED081}"
EndProject
Project("{8BC9CEB8-8B4A-11D0-8D11-00A0C91BC942}") = "Standard Exceptions", "Standard Exceptions\Standard Exceptions.vcxproj", "{3D7300A9-932E-486F-8679-E6791E48DFCC}"
EndProject
Project("{8BC9CEB8-8B4A-11D0-8D11-00A0C91BC942}") = "CustomExceptions", "CustomExceptions\CustomExceptions.vcxproj", "{31980073-2A15-4E16-AB4C-1FB1540A8CE4}"
EndProject
Project("{8BC9CEB8-8B4A-11D0-8D11-00A0C91BC942}") = "ExceptionCachingOrder", "ExceptionCachingOrder\ExceptionCachingOrder.vcxproj", "{FCED8AFA-7E55-4839-B5A6-BC9B4493D5B8}"
EndProject
Global
	GlobalSection(SolutionConfigurationPlatforms) = preSolution
		Debug|x64 = Debug|x64
		Debug|x86 = Debug|x86
		Release|x64 = Release|x64
		Release|x86 = Release|x86
	EndGlobalSection
	GlobalSection(ProjectConfigurationPlatforms) = postSolution
		{A50C2C97-5219-409C-AA5B-1DAA68F943A5}.Debug|x64.ActiveCfg = Debug|x64
		{A50C2C97-5219-409C-AA5B-1DAA68F943A5}.Debug|x64.Build.0 = Debug|x64
		{A50C2C97-5219-409C-AA5B-1DAA68F943A5}.Debug|x86.ActiveCfg = Debug|Win32
		{A50C2C97-5219-409C-AA5B-1DAA68F943A5}.Debug|x86.Build.0 = Debug|Win32
		{A50C2C97-5219-409C-AA5B-1DAA68F943A5}.Release|x64.ActiveCfg = Release|x64
		{A50C2C97-5219-409C-AA5B-1DAA68F943A5}.Release|x64.Build.0 = Release|x64
		{A50C2C97-5219-409C-AA5B-1DAA68F943A5}.Release|x86.ActiveCfg = Release|Win32
		{A50C2C97-5219-409C-AA5B-1DAA68F943A5}.Release|x86.Build.0 = Release|Win32
		{0F2ABC82-BE9B-4861-87C6-E1325B9ED081}.Debug|x64.ActiveCfg = Debug|x64
		{0F2ABC82-BE9B-4861-87C6-E1325B9ED081}.Debug|x64.Build.0 = Debug|x64
		{0F2ABC82-BE9B-4861-87C6-E1325B9ED081}.Debug|x86.ActiveCfg = Debug|Win32
		{0F2ABC82-BE9B-4861-87C6-E1325B9ED081}.Debug|x86.Build.0 = Debug|Win32
		{0F2ABC82-BE9B-4861-87C6-E1325B9ED081}.Release|x64.ActiveCfg = Release|x64
		{0F2ABC82-BE9B-4861-87C6-E1325B9ED081}.Release|x64.Build.0 = Release|x64
		{0F2ABC82-BE9B-4861-87C6-E1325B9ED081}.Release|x86.ActiveCfg = Release|Win32
		{0F2ABC82-BE9B-4861-87C6-E1325B9ED081}.Release|x86.Build.0 = Release|Win32
		{3D7300A9-932E-486F-8679-E6791E48DFCC}.Debug|x64.ActiveCfg = Debug|x64
		{3D7300A9-932E-486F-8679-E6791E48DFCC}.Debug|x64.Build.0 = Debug|x64
		{3D7300A9-932E-486F-8679-E6791E48DFCC}.Debug|x86.ActiveCfg = Debug|Win32
		{3D7300A9-932E-486F-8679-E6791E48DFCC}.Debug|x86.Build.0 = Debug|Win32
		{3D7300A9-932E-486F-8679-E6791E48DFCC}.Release|x64.ActiveCfg = Release|x64
		{3D7300A9-932E-486F-8679-E6791E48DFCC}.Release|x64.Build.0 = Release|x64
		{3D7300A9-932E-486F-8679-E6791E48DFCC}.Release|x86.ActiveCfg = Release|Win32
		{3D7300A9-932E-486F-8679-E6791E48DFCC}.Release|x86.Build.0 = Release|Win32
		{31980073-2A15-4E16-AB4C-1FB1540A8CE4}.Debug|x64.ActiveCfg = Debug|x64
		{31980073-2A15-4E16-AB4C-1FB1540A8CE4}.Debug|x64.Build.0 = Debug|x64
		{31980073-2A15-4E16-AB4C-1FB1540A8CE4}.Debug|x86.ActiveCfg = Debug|Win32
		{31980073-2A15-4E16-AB4C-1FB1540A8CE4}.Debug|x86.Build.0 = Debug|Win32
		{31980073-2A15-4E16-AB4C-1FB1540A8CE4}.Release|x64.ActiveCfg = Release|x64
		{31980073-2A15-4E16-AB4C-1FB1540A8CE4}.Release|x64.Build.0 = Release|x64
		{31980073-2A15-4E16-AB4C-1FB1540A8CE4}.Release|x86.ActiveCfg = Release|Win32
		{31980073-2A15-4E16-AB4C-1FB1540A8CE4}.Release|x86.Build.0 = Release|Win32
		{FCED8AFA-7E55-4839-B5A6-BC9B4493D5B8}.Debug|x64.ActiveCfg = Debug|x64
		{FCED8AFA-7E55-4839-B5A6-BC9B4493D5B8}.Debug|x64.Build.0 = Debug|x64
		{FCED8AFA-7E55-4839-B5A6-BC9B4493D5B8}.Debug|x86.ActiveCfg = Debug|Win32
		{FCED8AFA-7E55-4839-B5A6-BC9B4493D5B8}.Debug|x86.Build.0 = Debug|Win32
		{FCED8AFA-7E55-4839-B5A6-BC9B4493D5B8}.Release|x64.ActiveCfg = Release|x64
		{FCED8AFA-7E55-4839-B5A6-BC9B4493D5B8}.Release|x64.Build.0 = Release|x64
		{FCED8AFA-7E55-4839-B5A6-BC9B4493D5B8}.Release|x86.ActiveCfg = Release|Win32
		{FCED8AFA-7E55-4839-B5A6-BC9B4493D5B8}.Release|x86.Build.0 = Release|Win32
	EndGlobalSection
	GlobalSection(SolutionProperties) = preSolution
		HideSolutionNode = FALSE
	EndGlobalSection
EndGlobal
